
Microsoft Visual Studio Solution File, Format Version 11.00
# Visual Studio 2010
Project("{2150E333-8FDC-42A3-9474-1A3956D46DE8}") = "Solution Items", "Solution Items", "{FFB65EF8-8EE8-492F-AA0D-8D0FDD92EA59}"
	ProjectSection(SolutionItems) = preProject
		..\docs\hat_account_info.txt = ..\docs\hat_account_info.txt
		packet_format.txt = packet_format.txt
		..\docs\xor_encrypt_passphrase.txt = ..\docs\xor_encrypt_passphrase.txt
	EndProjectSection
EndProject
Project("{FAE04EC0-301F-11D3-BF4B-00C04F79EFBC}") = "libhat_old", "libhat\libhat\libhat_old.csproj", "{46EA71C1-E445-43DB-B642-611B1875DBB9}"
EndProject
Project("{FAE04EC0-301F-11D3-BF4B-00C04F79EFBC}") = "libhat-ng", "libhat-ng\libhat-ng.csproj", "{474E474B-EAA6-486A-83B3-6A63C794B19F}"
EndProject
Project("{FAE04EC0-301F-11D3-BF4B-00C04F79EFBC}") = "libhat-ng.Testing", "libhat-ng.Testing\libhat-ng.Testing.csproj", "{7137DFE0-44EE-4DE0-A2C4-75AC8E9E7201}"
EndProject
Project("{FAE04EC0-301F-11D3-BF4B-00C04F79EFBC}") = "bdb.test", "bdb.test\bdb.test.csproj", "{29CB50FA-CFF9-4127-B2A7-78BC89725EAA}"
EndProject
Global
	GlobalSection(SubversionScc) = preSolution
		Svn-Managed = True
		Manager = AnkhSVN - Subversion Support for Visual Studio
	EndGlobalSection
	GlobalSection(SolutionConfigurationPlatforms) = preSolution
		Debug|Any CPU = Debug|Any CPU
		Debug|Mixed Platforms = Debug|Mixed Platforms
		Debug|x86 = Debug|x86
		Release|Any CPU = Release|Any CPU
		Release|Mixed Platforms = Release|Mixed Platforms
		Release|x86 = Release|x86
	EndGlobalSection
	GlobalSection(ProjectConfigurationPlatforms) = postSolution
		{46EA71C1-E445-43DB-B642-611B1875DBB9}.Debug|Any CPU.ActiveCfg = Debug|Any CPU
		{46EA71C1-E445-43DB-B642-611B1875DBB9}.Debug|Mixed Platforms.ActiveCfg = Debug|Any CPU
		{46EA71C1-E445-43DB-B642-611B1875DBB9}.Debug|x86.ActiveCfg = Debug|Any CPU
		{46EA71C1-E445-43DB-B642-611B1875DBB9}.Release|Any CPU.ActiveCfg = Release|Any CPU
		{46EA71C1-E445-43DB-B642-611B1875DBB9}.Release|Any CPU.Build.0 = Release|Any CPU
		{46EA71C1-E445-43DB-B642-611B1875DBB9}.Release|Mixed Platforms.ActiveCfg = Release|Any CPU
		{46EA71C1-E445-43DB-B642-611B1875DBB9}.Release|x86.ActiveCfg = Release|Any CPU
		{474E474B-EAA6-486A-83B3-6A63C794B19F}.Debug|Any CPU.ActiveCfg = Debug|Any CPU
		{474E474B-EAA6-486A-83B3-6A63C794B19F}.Debug|Any CPU.Build.0 = Debug|Any CPU
		{474E474B-EAA6-486A-83B3-6A63C794B19F}.Debug|Mixed Platforms.ActiveCfg = Debug|Any CPU
		{474E474B-EAA6-486A-83B3-6A63C794B19F}.Debug|Mixed Platforms.Build.0 = Debug|Any CPU
		{474E474B-EAA6-486A-83B3-6A63C794B19F}.Debug|x86.ActiveCfg = Debug|Any CPU
		{474E474B-EAA6-486A-83B3-6A63C794B19F}.Release|Any CPU.ActiveCfg = Release|Any CPU
		{474E474B-EAA6-486A-83B3-6A63C794B19F}.Release|Any CPU.Build.0 = Release|Any CPU
		{474E474B-EAA6-486A-83B3-6A63C794B19F}.Release|Mixed Platforms.ActiveCfg = Release|Any CPU
		{474E474B-EAA6-486A-83B3-6A63C794B19F}.Release|Mixed Platforms.Build.0 = Release|Any CPU
		{474E474B-EAA6-486A-83B3-6A63C794B19F}.Release|x86.ActiveCfg = Release|Any CPU
		{7137DFE0-44EE-4DE0-A2C4-75AC8E9E7201}.Debug|Any CPU.ActiveCfg = Debug|Any CPU
		{7137DFE0-44EE-4DE0-A2C4-75AC8E9E7201}.Debug|Mixed Platforms.ActiveCfg = Debug|Any CPU
		{7137DFE0-44EE-4DE0-A2C4-75AC8E9E7201}.Debug|x86.ActiveCfg = Debug|Any CPU
		{7137DFE0-44EE-4DE0-A2C4-75AC8E9E7201}.Release|Any CPU.ActiveCfg = Release|Any CPU
		{7137DFE0-44EE-4DE0-A2C4-75AC8E9E7201}.Release|Any CPU.Build.0 = Release|Any CPU
		{7137DFE0-44EE-4DE0-A2C4-75AC8E9E7201}.Release|Mixed Platforms.ActiveCfg = Release|Any CPU
		{7137DFE0-44EE-4DE0-A2C4-75AC8E9E7201}.Release|x86.ActiveCfg = Release|Any CPU
		{29CB50FA-CFF9-4127-B2A7-78BC89725EAA}.Debug|Any CPU.ActiveCfg = Debug|x86
		{29CB50FA-CFF9-4127-B2A7-78BC89725EAA}.Debug|Mixed Platforms.ActiveCfg = Debug|x86
		{29CB50FA-CFF9-4127-B2A7-78BC89725EAA}.Debug|Mixed Platforms.Build.0 = Debug|x86
		{29CB50FA-CFF9-4127-B2A7-78BC89725EAA}.Debug|x86.ActiveCfg = Debug|x86
		{29CB50FA-CFF9-4127-B2A7-78BC89725EAA}.Debug|x86.Build.0 = Debug|x86
		{29CB50FA-CFF9-4127-B2A7-78BC89725EAA}.Release|Any CPU.ActiveCfg = Release|x86
		{29CB50FA-CFF9-4127-B2A7-78BC89725EAA}.Release|Mixed Platforms.ActiveCfg = Release|x86
		{29CB50FA-CFF9-4127-B2A7-78BC89725EAA}.Release|Mixed Platforms.Build.0 = Release|x86
		{29CB50FA-CFF9-4127-B2A7-78BC89725EAA}.Release|x86.ActiveCfg = Release|x86
		{29CB50FA-CFF9-4127-B2A7-78BC89725EAA}.Release|x86.Build.0 = Release|x86
	EndGlobalSection
	GlobalSection(SolutionProperties) = preSolution
		HideSolutionNode = FALSE
	EndGlobalSection
	GlobalSection(MonoDevelopProperties) = preSolution
		version = 0.1
		StartupItem = libhat\libhat\libhat_old.csproj
	EndGlobalSection
EndGlobal
